version = 1
revision = 3
requires-python = ">=3.13"

[[package]]
name = "awscrt"
version = "0.27.4"
source = { registry = "https://pypi.org/simple" }
sdist = { url = "https://files.pythonhosted.org/packages/4d/c2/f7a79ef3d1649696aa8c7543d338cd1716ef5c4c93022ab33c5be6473e9f/awscrt-0.27.4.tar.gz", hash = "sha256:cb23cb767ca2e3c0007c899b289d668d28aeb055534df35a741847135f6cd91c", size = 37608896, upload-time = "2025-06-20T21:17:41.796Z" }
wheels = [
    { url = "https://files.pythonhosted.org/packages/1f/85/bb661442878cf8da9399091f7b58d466b3fef964440c3f4303c77c3e7d45/awscrt-0.27.4-cp311-abi3-macosx_10_15_universal2.whl", hash = "sha256:8c1753e015af94d5b67f8bd373384f71c6c00914d0435fb123a81d13b538d0e4", size = 3315151, upload-time = "2025-06-20T21:16:40.164Z" },
    { url = "https://files.pythonhosted.org/packages/80/24/74e612116e61046c37f00cd85834d44b24d57dbae7a2c2546852067cb5ce/awscrt-0.27.4-cp311-abi3-manylinux_2_17_aarch64.manylinux2014_aarch64.whl", hash = "sha256:0673b87056f6865d4a7fc14dd25c14de6af877be3296ff0eb4cf459bb10ab623", size = 3713835, upload-time = "2025-06-20T21:16:42.353Z" },
    { url = "https://files.pythonhosted.org/packages/ac/57/5dc4f57e367b99d0e4f4963a7bfdab3f1f9cda5e1993caa78dca1dc8d6f9/awscrt-0.27.4-cp311-abi3-manylinux_2_17_x86_64.manylinux2014_x86_64.whl", hash = "sha256:8cd645e514d31f2726cd7cf31c68835e6d3e894b2fcdc8b4f1a56d47c520a3b1", size = 3977691, upload-time = "2025-06-20T21:16:44.529Z" },
    { url = "https://files.pythonhosted.org/packages/1b/91/b4d915523c2610da0161a55adc7ff331622e26f1bdba04970a88a46a90fc/awscrt-0.27.4-cp311-abi3-musllinux_1_1_aarch64.whl", hash = "sha256:2edc397539470d64a17b64e6190432b32c4208b78bcea051f8e2fc52017ec501", size = 3622010, upload-time = "2025-06-20T21:16:46.801Z" },
    { url = "https://files.pythonhosted.org/packages/7c/64/b21f69fd93879069df63fff45557781294865dea2def40dfa7c9869f7f51/awscrt-0.27.4-cp311-abi3-musllinux_1_1_x86_64.whl", hash = "sha256:a9b0832c17f31022849c170f60415d16d15482a70e162cfdc6d68cf587f2df7a", size = 3844554, upload-time = "2025-06-20T21:16:48.804Z" },
    { url = "https://files.pythonhosted.org/packages/97/86/c52c5ee77e8c4644946e2bf322279816cd12963b7faa3c5c3927281abb93/awscrt-0.27.4-cp311-abi3-win32.whl", hash = "sha256:942f79a90c0b8feec21cabfe79cdfc27bf0f240394f363785c4c84f7d1c44027", size = 3823253, upload-time = "2025-06-20T21:16:49.982Z" },
    { url = "https://files.pythonhosted.org/packages/97/69/2b052850f59fc75b2641aa6739497e10778d1f9b30a793e1c71ca9787ce9/awscrt-0.27.4-cp311-abi3-win_amd64.whl", hash = "sha256:9b878c452a19bd417eb80d33c86a15c574f35982d5d4b4c976e748ba9a8ab9b7", size = 3961706, upload-time = "2025-06-20T21:16:51.195Z" },
    { url = "https://files.pythonhosted.org/packages/26/24/ab9842126483dce9f40450d62171809b7fe95e2db23500883d6ede3b000e/awscrt-0.27.4-cp313-abi3-macosx_10_15_universal2.whl", hash = "sha256:63a84aa7b5bb3f5abbc755a7165f0d1783e46d61ea90ba775ccb3ca486cd0875", size = 3314072, upload-time = "2025-06-20T21:16:52.36Z" },
    { url = "https://files.pythonhosted.org/packages/c0/28/3113b55b9d02ccd8dddc051a1cb64726580dcccc2ba970dd4eece6fcd0fa/awscrt-0.27.4-cp313-abi3-manylinux_2_17_aarch64.manylinux2014_aarch64.whl", hash = "sha256:d1ebc7a8cea2a5522c167e39100673bd9fb214fb32e3a886137ea6274fa04f9a", size = 3704870, upload-time = "2025-06-20T21:16:54.687Z" },
    { url = "https://files.pythonhosted.org/packages/aa/b9/d1c7019e525008f026cf4cb11a8ce4fbe85002f1b3ad896efd05d71e4fe6/awscrt-0.27.4-cp313-abi3-manylinux_2_17_x86_64.manylinux2014_x86_64.whl", hash = "sha256:ef428453587ed6c738e4fccab46e8b62111321a99713b538aaaf62c3dfa7dd9b", size = 3972135, upload-time = "2025-06-20T21:16:57.048Z" },
    { url = "https://files.pythonhosted.org/packages/86/ce/975df76afdedb8d21b0f82ad3314bf38b43dbe96e920982817f504a79a05/awscrt-0.27.4-cp313-abi3-musllinux_1_1_aarch64.whl", hash = "sha256:7786f41ab7aa300f47568ad570375c85b352a0534aa3f317062979a88bca0c06", size = 3613589, upload-time = "2025-06-20T21:17:00.579Z" },
    { url = "https://files.pythonhosted.org/packages/c2/34/76249158919aa60a9771822d4d65a961c48de3d1d7f6654ee50712eaf28a/awscrt-0.27.4-cp313-abi3-musllinux_1_1_x86_64.whl", hash = "sha256:64634379a8c0c739eb44fbfa84835ee3c7e827726724cca55d183588bc931bbe", size = 3839255, upload-time = "2025-06-20T21:17:02.453Z" },
    { url = "https://files.pythonhosted.org/packages/00/13/b8bd4c61ea04a82534ec73baf4b882dab6c1b02e0b596924b01b92f2a7cf/awscrt-0.27.4-cp313-abi3-win32.whl", hash = "sha256:c095da2897ebb145b258451e6873819b7f6daab900f18c37629f1de811453048", size = 3820665, upload-time = "2025-06-20T21:17:04.74Z" },
    { url = "https://files.pythonhosted.org/packages/b4/0b/2c35b83932c788422e50a5786982fb95e8a97362806b2cfedd831fac5adb/awscrt-0.27.4-cp313-abi3-win_amd64.whl", hash = "sha256:34284ee71b3b48c1ace806b5ba034a9b4d89819cb8d133d1d6a8f704446a24a9", size = 3960476, upload-time = "2025-06-20T21:17:06.984Z" },
]

[[package]]
name = "awsiotsdk"
version = "1.24.0"
source = { registry = "https://pypi.org/simple" }
dependencies = [
    { name = "awscrt" },
]
sdist = { url = "https://files.pythonhosted.org/packages/ef/53/1c156564e68a7079333f077107697f30f8cbcc19113e9d6a03a98fc05d36/awsiotsdk-1.24.0.tar.gz", hash = "sha256:e4f91d2a1efd82dea7586c9f6d3aebc2783aaa58b979a4229f5939f22a31c741", size = 89427, upload-time = "2025-06-27T20:57:00.689Z" }
wheels = [
    { url = "https://files.pythonhosted.org/packages/ea/c0/e5ddcf2b107482abe329c99117f990e2fa88dd8edc3d740044254e1cad3b/awsiotsdk-1.24.0-py3-none-any.whl", hash = "sha256:254f4d7801ce481d329fe0ab755580c1d933fbe3a48dcdd2ada6ae1e7752ef3d", size = 80130, upload-time = "2025-06-27T20:56:59.483Z" },
]

[[package]]
name = "boto3"
version = "1.40.21"
source = { registry = "https://pypi.org/simple" }
dependencies = [
    { name = "botocore" },
    { name = "jmespath" },
    { name = "s3transfer" },
]
sdist = { url = "https://files.pythonhosted.org/packages/d8/54/5ba3f69a892ff486f5925008da21618665cf321880f279e9605399d9cec3/boto3-1.40.21.tar.gz", hash = "sha256:876ccc0b25517b992bd27976282510773a11ebc771aa5b836a238ea426c82187", size = 111590, upload-time = "2025-08-29T19:20:57.901Z" }
wheels = [
    { url = "https://files.pythonhosted.org/packages/86/76/48b982bb504ffbff8eb5522df8c144b98cdc38d574b3c55db1d82b5c0c7f/boto3-1.40.21-py3-none-any.whl", hash = "sha256:3772fb828864d3b7046c8bdf2f4860aaca4a79f25b7b060206c6a5f4944ea7f9", size = 139322, upload-time = "2025-08-29T19:20:55.888Z" },
]

[[package]]
name = "botocore"
version = "1.40.21"
source = { registry = "https://pypi.org/simple" }
dependencies = [
    { name = "jmespath" },
    { name = "python-dateutil" },
    { name = "urllib3" },
]
sdist = { url = "https://files.pythonhosted.org/packages/50/11/d9a500a0e86b74017854e3ff12fd943f74f4358337799e0b272eaa6b4e27/botocore-1.40.21.tar.gz", hash = "sha256:f77e9c199df0252b14ea739a9ac99723940f6bde90f4c2e7802701553a62827b", size = 14321194, upload-time = "2025-08-29T19:20:46.892Z" }
wheels = [
    { url = "https://files.pythonhosted.org/packages/df/6a/effb671afa31d35805d0760b45676136fd1209e263641861456b4566ae9b/botocore-1.40.21-py3-none-any.whl", hash = "sha256:574ecf9b68c1721650024a27e00e0080b6f141c281ebfce49e0d302969270ef4", size = 13993859, upload-time = "2025-08-29T19:20:41.404Z" },
]

[[package]]
name = "faker"
version = "37.6.0"
source = { registry = "https://pypi.org/simple" }
dependencies = [
    { name = "tzdata" },
]
sdist = { url = "https://files.pythonhosted.org/packages/24/cd/f7679c20f07d9e2013123b7f7e13809a3450a18d938d58e86081a486ea15/faker-37.6.0.tar.gz", hash = "sha256:0f8cc34f30095184adf87c3c24c45b38b33ad81c35ef6eb0a3118f301143012c", size = 1907960, upload-time = "2025-08-26T15:56:27.419Z" }
wheels = [
    { url = "https://files.pythonhosted.org/packages/61/7d/8b50e4ac772719777be33661f4bde320793400a706f5eb214e4de46f093c/faker-37.6.0-py3-none-any.whl", hash = "sha256:3c5209b23d7049d596a51db5d76403a0ccfea6fc294ffa2ecfef6a8843b1e6a7", size = 1949837, upload-time = "2025-08-26T15:56:25.33Z" },
]

[[package]]
name = "gym-pulse-simulator"
version = "0.1.0"
source = { virtual = "." }
dependencies = [
    { name = "awsiotsdk" },
    { name = "boto3" },
    { name = "faker" },
]

[package.metadata]
requires-dist = [
    { name = "awsiotsdk", specifier = ">=1.24.0" },
    { name = "boto3", specifier = ">=1.40.21" },
    { name = "faker", specifier = ">=37.6.0" },
]

[[package]]
name = "jmespath"
version = "1.0.1"
source = { registry = "https://pypi.org/simple" }
sdist = { url = "https://files.pythonhosted.org/packages/00/2a/e867e8531cf3e36b41201936b7fa7ba7b5702dbef42922193f05c8976cd6/jmespath-1.0.1.tar.gz", hash = "sha256:90261b206d6defd58fdd5e85f478bf633a2901798906be2ad389150c5c60edbe", size = 25843, upload-time = "2022-06-17T18:00:12.224Z" }
wheels = [
    { url = "https://files.pythonhosted.org/packages/31/b4/b9b800c45527aadd64d5b442f9b932b00648617eb5d63d2c7a6587b7cafc/jmespath-1.0.1-py3-none-any.whl", hash = "sha256:02e2e4cc71b5bcab88332eebf907519190dd9e6e82107fa7f83b1003a6252980", size = 20256, upload-time = "2022-06-17T18:00:10.251Z" },
]

[[package]]
name = "python-dateutil"
version = "2.9.0.post0"
source = { registry = "https://pypi.org/simple" }
dependencies = [
    { name = "six" },
]
sdist = { url = "https://files.pythonhosted.org/packages/66/c0/0c8b6ad9f17a802ee498c46e004a0eb49bc148f2fd230864601a86dcf6db/python-dateutil-2.9.0.post0.tar.gz", hash = "sha256:37dd54208da7e1cd875388217d5e00ebd4179249f90fb72437e91a35459a0ad3", size = 342432, upload-time = "2024-03-01T18:36:20.211Z" }
wheels = [
    { url = "https://files.pythonhosted.org/packages/ec/57/56b9bcc3c9c6a792fcbaf139543cee77261f3651ca9da0c93f5c1221264b/python_dateutil-2.9.0.post0-py2.py3-none-any.whl", hash = "sha256:a8b2bc7bffae282281c8140a97d3aa9c14da0b136dfe83f850eea9a5f7470427", size = 229892, upload-time = "2024-03-01T18:36:18.57Z" },
]

[[package]]
name = "s3transfer"
version = "0.13.1"
source = { registry = "https://pypi.org/simple" }
dependencies = [
    { name = "botocore" },
]
sdist = { url = "https://files.pythonhosted.org/packages/6d/05/d52bf1e65044b4e5e27d4e63e8d1579dbdec54fce685908ae09bc3720030/s3transfer-0.13.1.tar.gz", hash = "sha256:c3fdba22ba1bd367922f27ec8032d6a1cf5f10c934fb5d68cf60fd5a23d936cf", size = 150589, upload-time = "2025-07-18T19:22:42.31Z" }
wheels = [
    { url = "https://files.pythonhosted.org/packages/6d/4f/d073e09df851cfa251ef7840007d04db3293a0482ce607d2b993926089be/s3transfer-0.13.1-py3-none-any.whl", hash = "sha256:a981aa7429be23fe6dfc13e80e4020057cbab622b08c0315288758d67cabc724", size = 85308, upload-time = "2025-07-18T19:22:40.947Z" },
]

[[package]]
name = "six"
version = "1.17.0"
source = { registry = "https://pypi.org/simple" }
sdist = { url = "https://files.pythonhosted.org/packages/94/e7/b2c673351809dca68a0e064b6af791aa332cf192da575fd474ed7d6f16a2/six-1.17.0.tar.gz", hash = "sha256:ff70335d468e7eb6ec65b95b99d3a2836546063f63acc5171de367e834932a81", size = 34031, upload-time = "2024-12-04T17:35:28.174Z" }
wheels = [
    { url = "https://files.pythonhosted.org/packages/b7/ce/149a00dd41f10bc29e5921b496af8b574d8413afcd5e30dfa0ed46c2cc5e/six-1.17.0-py2.py3-none-any.whl", hash = "sha256:4721f391ed90541fddacab5acf947aa0d3dc7d27b2e1e8eda2be8970586c3274", size = 11050, upload-time = "2024-12-04T17:35:26.475Z" },
]

[[package]]
name = "tzdata"
version = "2025.2"
source = { registry = "https://pypi.org/simple" }
sdist = { url = "https://files.pythonhosted.org/packages/95/32/1a225d6164441be760d75c2c42e2780dc0873fe382da3e98a2e1e48361e5/tzdata-2025.2.tar.gz", hash = "sha256:b60a638fcc0daffadf82fe0f57e53d06bdec2f36c4df66280ae79bce6bd6f2b9", size = 196380, upload-time = "2025-03-23T13:54:43.652Z" }
wheels = [
    { url = "https://files.pythonhosted.org/packages/5c/23/c7abc0ca0a1526a0774eca151daeb8de62ec457e77262b66b359c3c7679e/tzdata-2025.2-py2.py3-none-any.whl", hash = "sha256:1a403fada01ff9221ca8044d701868fa132215d84beb92242d9acd2147f667a8", size = 347839, upload-time = "2025-03-23T13:54:41.845Z" },
]

[[package]]
name = "urllib3"
version = "2.5.0"
source = { registry = "https://pypi.org/simple" }
sdist = { url = "https://files.pythonhosted.org/packages/15/22/9ee70a2574a4f4599c47dd506532914ce044817c7752a79b6a51286319bc/urllib3-2.5.0.tar.gz", hash = "sha256:3fc47733c7e419d4bc3f6b3dc2b4f890bb743906a30d56ba4a5bfa4bbff92760", size = 393185, upload-time = "2025-06-18T14:07:41.644Z" }
wheels = [
    { url = "https://files.pythonhosted.org/packages/a7/c2/fe1e52489ae3122415c51f387e221dd0773709bad6c6cdaa599e8a2c5185/urllib3-2.5.0-py3-none-any.whl", hash = "sha256:e6b01673c0fa6a13e374b50871808eb3bf7046c4b125b216f6bf1cc604cff0dc", size = 129795, upload-time = "2025-06-18T14:07:40.39Z" },
]
